
Microsoft Visual Studio Solution File, Format Version 12.00
# Visual Studio Version 16
VisualStudioVersion = 16.0.29905.134
MinimumVisualStudioVersion = 10.0.40219.1
Project("{FAE04EC0-301F-11D3-BF4B-00C04F79EFBC}") = "ABD_MDL_Proyecto_Equipo2", "ABD_MDL_Proyecto_Equipo2\ABD_MDL_Proyecto_Equipo2.csproj", "{17A86FB3-823C-4E72-A94A-AECEB2877C3A}"
EndProject
Global
	GlobalSection(SolutionConfigurationPlatforms) = preSolution
		Debug|Any CPU = Debug|Any CPU
		Release|Any CPU = Release|Any CPU
	EndGlobalSection
	GlobalSection(ProjectConfigurationPlatforms) = postSolution
		{17A86FB3-823C-4E72-A94A-AECEB2877C3A}.Debug|Any CPU.ActiveCfg = Debug|Any CPU
		{17A86FB3-823C-4E72-A94A-AECEB2877C3A}.Debug|Any CPU.Build.0 = Debug|Any CPU
		{17A86FB3-823C-4E72-A94A-AECEB2877C3A}.Release|Any CPU.ActiveCfg = Release|Any CPU
		{17A86FB3-823C-4E72-A94A-AECEB2877C3A}.Release|Any CPU.Build.0 = Release|Any CPU
	EndGlobalSection
	GlobalSection(SolutionProperties) = preSolution
		HideSolutionNode = FALSE
	EndGlobalSection
	GlobalSection(ExtensibilityGlobals) = postSolution
		SolutionGuid = {6E357F56-9F21-497D-86AE-3E2A90B3D677}
	EndGlobalSection
EndGlobal
